{
  "sources": {
    "apt": {
      "locked_version": "1.9.2"
    },
    "php": {
      "locked_version": "1.1.8"
    },
    "php5_ppa": {
      "locked_version": "0.1.1"
    },
    "build-essential": {
      "locked_version": "1.4.2"
    },
    "xml": {
      "locked_version": "1.2.0"
    },
    "mysql": {
      "locked_version": "4.0.14"
    },
    "openssl": {
      "locked_version": "1.1.0"
    }
  }
}
